
Microsoft Visual Studio Solution File, Format Version 12.00
# Visual Studio Version 16
VisualStudioVersion = 16.0.30001.183
MinimumVisualStudioVersion = 10.0.40219.1
Project("{FAE04EC0-301F-11D3-BF4B-00C04F79EFBC}") = "TheFruitShop", "TheFruitShop\TheFruitShop.csproj", "{ADF6941F-27C2-4B91-B822-2BDAE45D1BBA}"
EndProject
Global
	GlobalSection(SolutionConfigurationPlatforms) = preSolution
		Debug|Any CPU = Debug|Any CPU
		Release|Any CPU = Release|Any CPU
	EndGlobalSection
	GlobalSection(ProjectConfigurationPlatforms) = postSolution
		{ADF6941F-27C2-4B91-B822-2BDAE45D1BBA}.Debug|Any CPU.ActiveCfg = Debug|Any CPU
		{ADF6941F-27C2-4B91-B822-2BDAE45D1BBA}.Debug|Any CPU.Build.0 = Debug|Any CPU
		{ADF6941F-27C2-4B91-B822-2BDAE45D1BBA}.Release|Any CPU.ActiveCfg = Release|Any CPU
		{ADF6941F-27C2-4B91-B822-2BDAE45D1BBA}.Release|Any CPU.Build.0 = Release|Any CPU
	EndGlobalSection
	GlobalSection(SolutionProperties) = preSolution
		HideSolutionNode = FALSE
	EndGlobalSection
	GlobalSection(ExtensibilityGlobals) = postSolution
		SolutionGuid = {F9B135BF-2ED8-4028-AF19-5C0DD6F4721F}
	EndGlobalSection
EndGlobal
